
Microsoft Visual Studio Solution File, Format Version 12.00
# Visual Studio 2012
Project("{FAE04EC0-301F-11D3-BF4B-00C04F79EFBC}") = "CSS", "CSS\CSS.csproj", "{211ABAB9-7F21-4DD1-A9E6-1F417536CBD0}"
EndProject
Global
	GlobalSection(SolutionConfigurationPlatforms) = preSolution
		Debug|Any CPU = Debug|Any CPU
		Release|Any CPU = Release|Any CPU
	EndGlobalSection
	GlobalSection(ProjectConfigurationPlatforms) = postSolution
		{211ABAB9-7F21-4DD1-A9E6-1F417536CBD0}.Debug|Any CPU.ActiveCfg = Debug|Any CPU
		{211ABAB9-7F21-4DD1-A9E6-1F417536CBD0}.Debug|Any CPU.Build.0 = Debug|Any CPU
		{211ABAB9-7F21-4DD1-A9E6-1F417536CBD0}.Release|Any CPU.ActiveCfg = Release|Any CPU
		{211ABAB9-7F21-4DD1-A9E6-1F417536CBD0}.Release|Any CPU.Build.0 = Release|Any CPU
	EndGlobalSection
	GlobalSection(SolutionProperties) = preSolution
		HideSolutionNode = FALSE
	EndGlobalSection
EndGlobal
