
Microsoft Visual Studio Solution File, Format Version 12.00
# Visual Studio 2012
Project("{FAE04EC0-301F-11D3-BF4B-00C04F79EFBC}") = "EpostaGonderme", "EpostaGonderme\EpostaGonderme.csproj", "{5F87DE84-53C9-448F-97F1-82E156CDBD16}"
EndProject
Global
	GlobalSection(SolutionConfigurationPlatforms) = preSolution
		Debug|Any CPU = Debug|Any CPU
		Release|Any CPU = Release|Any CPU
	EndGlobalSection
	GlobalSection(ProjectConfigurationPlatforms) = postSolution
		{5F87DE84-53C9-448F-97F1-82E156CDBD16}.Debug|Any CPU.ActiveCfg = Debug|Any CPU
		{5F87DE84-53C9-448F-97F1-82E156CDBD16}.Debug|Any CPU.Build.0 = Debug|Any CPU
		{5F87DE84-53C9-448F-97F1-82E156CDBD16}.Release|Any CPU.ActiveCfg = Release|Any CPU
		{5F87DE84-53C9-448F-97F1-82E156CDBD16}.Release|Any CPU.Build.0 = Release|Any CPU
	EndGlobalSection
	GlobalSection(SolutionProperties) = preSolution
		HideSolutionNode = FALSE
	EndGlobalSection
EndGlobal
