
Microsoft Visual Studio Solution File, Format Version 12.00
# Visual Studio 2012
Project("{FAE04EC0-301F-11D3-BF4B-00C04F79EFBC}") = "ListView", "ListView\ListView.csproj", "{7D20E6C4-4BDA-407E-BD64-938614F1E5CD}"
EndProject
Global
	GlobalSection(SolutionConfigurationPlatforms) = preSolution
		Debug|Any CPU = Debug|Any CPU
		Release|Any CPU = Release|Any CPU
	EndGlobalSection
	GlobalSection(ProjectConfigurationPlatforms) = postSolution
		{7D20E6C4-4BDA-407E-BD64-938614F1E5CD}.Debug|Any CPU.ActiveCfg = Debug|Any CPU
		{7D20E6C4-4BDA-407E-BD64-938614F1E5CD}.Debug|Any CPU.Build.0 = Debug|Any CPU
		{7D20E6C4-4BDA-407E-BD64-938614F1E5CD}.Release|Any CPU.ActiveCfg = Release|Any CPU
		{7D20E6C4-4BDA-407E-BD64-938614F1E5CD}.Release|Any CPU.Build.0 = Release|Any CPU
	EndGlobalSection
	GlobalSection(SolutionProperties) = preSolution
		HideSolutionNode = FALSE
	EndGlobalSection
EndGlobal
